// !$*UTF8*$!
{
	archiveVersion = 1;
	classes = {
	};
	objectVersion = 46;
	objects = {

/* Begin PBXBuildFile section */
		BCF003F11C0D3EF200AB7A4A /* main.m in Sources */ = {isa = PBXBuildFile; fileRef = BCF003F01C0D3EF200AB7A4A /* main.m */; };
		BCF003F41C0D3EF200AB7A4A /* AppDelegate.m in Sources */ = {isa = PBXBuildFile; fileRef = BCF003F31C0D3EF200AB7A4A /* AppDelegate.m */; };
		BCF003F71C0D3EF200AB7A4A /* ViewController.m in Sources */ = {isa = PBXBuildFile; fileRef = BCF003F61C0D3EF200AB7A4A /* ViewController.m */; };
		BCF003FA1C0D3EF200AB7A4A /* Main.storyboard in Resources */ = {isa = PBXBuildFile; fileRef = BCF003F81C0D3EF200AB7A4A /* Main.storyboard */; };
		BCF003FC1C0D3EF200AB7A4A /* Assets.xcassets in Resources */ = {isa = PBXBuildFile; fileRef = BCF003FB1C0D3EF200AB7A4A /* Assets.xcassets */; };
		BCF003FF1C0D3EF200AB7A4A /* LaunchScreen.storyboard in Resources */ = {isa = PBXBuildFile; fileRef = BCF003FD1C0D3EF200AB7A4A /* LaunchScreen.storyboard */; };
/* End PBXBuildFile section */

/* Begin PBXFileReference section */
		BCF003EC1C0D3EF200AB7A4A /* AES128Encrypt-objc.app */ = {isa = PBXFileReference; explicitFileType = wrapper.application; includeInIndex = 0; path = "AES128Encrypt-objc.app"; sourceTree = BUILT_PRODUCTS_DIR; };
		BCF003F01C0D3EF200AB7A4A /* main.m */ = {isa = PBXFileReference; lastKnownFileType = sourcecode.c.objc; path = main.m; sourceTree = "<group>"; };
		BCF003F21C0D3EF200AB7A4A /* AppDelegate.h */ = {isa = PBXFileReference; lastKnownFileType = sourcecode.c.h; path = AppDelegate.h; sourceTree = "<group>"; };
		BCF003F31C0D3EF200AB7A4A /* AppDelegate.m */ = {isa = PBXFileReference; lastKnownFileType = sourcecode.c.objc; path = AppDelegate.m; sourceTree = "<group>"; };
		BCF003F51C0D3EF200AB7A4A /* ViewController.h */ = {isa = PBXFileReference; lastKnownFileType = sourcecode.c.h; path = ViewController.h; sourceTree = "<group>"; };
		BCF003F61C0D3EF200AB7A4A /* ViewController.m */ = {isa = PBXFileReference; lastKnownFileType = sourcecode.c.objc; path = ViewController.m; sourceTree = "<group>"; };
		BCF003F91C0D3EF200AB7A4A /* Base */ = {isa = PBXFileReference; lastKnownFileType = file.storyboard; name = Base; path = Base.lproj/Main.storyboard; sourceTree = "<group>"; };
		BCF003FB1C0D3EF200AB7A4A /* Assets.xcassets */ = {isa = PBXFileReference; lastKnownFileType = folder.assetcatalog; path = Assets.xcassets; sourceTree = "<group>"; };
		BCF003FE1C0D3EF200AB7A4A /* Base */ = {isa = PBXFileReference; lastKnownFileType = file.storyboard; name = Base; path = Base.lproj/LaunchScreen.storyboard; sourceTree = "<group>"; };
		BCF004001C0D3EF200AB7A4A /* Info.plist */ = {isa = PBXFileReference; lastKnownFileType = text.plist.xml; path = Info.plist; sourceTree = "<group>"; };
/* End PBXFileReference section */

/* Begin PBXFrameworksBuildPhase section */
		BCF003E91C0D3EF200AB7A4A /* Frameworks */ = {
			isa = PBXFrameworksBuildPhase;
			buildActionMask = 2147483647;
			files = (
			);
			runOnlyForDeploymentPostprocessing = 0;
		};
/* End PBXFrameworksBuildPhase section */

/* Begin PBXGroup section */
		BCF003E31C0D3EF200AB7A4A = {
			isa = PBXGroup;
			children = (
				BCF003EE1C0D3EF200AB7A4A /* AES128Encrypt-objc */,
				BCF003ED1C0D3EF200AB7A4A /* Products */,
			);
			sourceTree = "<group>";
		};
		BCF003ED1C0D3EF200AB7A4A /* Products */ = {
			isa = PBXGroup;
			children = (
				BCF003EC1C0D3EF200AB7A4A /* AES128Encrypt-objc.app */,
			);
			name = Products;
			sourceTree = "<group>";
		};
		BCF003EE1C0D3EF200AB7A4A /* AES128Encrypt-objc */ = {
			isa = PBXGroup;
			children = (
				BCF003F21C0D3EF200AB7A4A /* AppDelegate.h */,
				BCF003F31C0D3EF200AB7A4A /* AppDelegate.m */,
				BCF003F51C0D3EF200AB7A4A /* ViewController.h */,
				BCF003F61C0D3EF200AB7A4A /* ViewController.m */,
				BCF003F81C0D3EF200AB7A4A /* Main.storyboard */,
				BCF003FB1C0D3EF200AB7A4A /* Assets.xcassets */,
				BCF003FD1C0D3EF200AB7A4A /* LaunchScreen.storyboard */,
				BCF004001C0D3EF200AB7A4A /* Info.plist */,
				BCF003EF1C0D3EF200AB7A4A /* Supporting Files */,
			);
			path = "AES128Encrypt-objc";
			sourceTree = "<group>";
		};
		BCF003EF1C0D3EF200AB7A4A /* Supporting Files */ = {
			isa = PBXGroup;
			children = (
				BCF003F01C0D3EF200AB7A4A /* main.m */,
			);
			name = "Supporting Files";
			sourceTree = "<group>";
		};
/* End PBXGroup section */

/* Begin PBXNativeTarget section */
		BCF003EB1C0D3EF200AB7A4A /* AES128Encrypt-objc */ = {
			isa = PBXNativeTarget;
			buildConfigurationList = BCF004031C0D3EF200AB7A4A /* Build configuration list for PBXNativeTarget "AES128Encrypt-objc" */;
			buildPhases = (
				BCF003E81C0D3EF200AB7A4A /* Sources */,
				BCF003E91C0D3EF200AB7A4A /* Frameworks */,
				BCF003EA1C0D3EF200AB7A4A /* Resources */,
			);
			buildRules = (
			);
			dependencies = (
			);
			name = "AES128Encrypt-objc";
			productName = "AES128Encrypt-objc";
			productReference = BCF003EC1C0D3EF200AB7A4A /* AES128Encrypt-objc.app */;
			productType = "com.apple.product-type.application";
		};
/* End PBXNativeTarget section */

/* Begin PBXProject section */
		BCF003E41C0D3EF200AB7A4A /* Project object */ = {
			isa = PBXProject;
			attributes = {
				LastUpgradeCheck = 0710;
				ORGANIZATIONNAME = kingly;
				TargetAttributes = {
					BCF003EB1C0D3EF200AB7A4A = {
						CreatedOnToolsVersion = 7.1;
					};
				};
			};
			buildConfigurationList = BCF003E71C0D3EF200AB7A4A /* Build configuration list for PBXProject "AES128Encrypt-objc" */;
			compatibilityVersion = "Xcode 3.2";
			developmentRegion = English;
			hasScannedForEncodings = 0;
			knownRegions = (
				en,
				Base,
			);
			mainGroup = BCF003E31C0D3EF200AB7A4A;
			productRefGroup = BCF003ED1C0D3EF200AB7A4A /* Products */;
			projectDirPath = "";
			projectRoot = "";
			targets = (
				BCF003EB1C0D3EF200AB7A4A /* AES128Encrypt-objc */,
			);
		};
/* End PBXProject section */

/* Begin PBXResourcesBuildPhase section */
		BCF003EA1C0D3EF200AB7A4A /* Resources */ = {
			isa = PBXResourcesBuildPhase;
			buildActionMask = 2147483647;
			files = (
				BCF003FF1C0D3EF200AB7A4A /* LaunchScreen.storyboard in Resources */,
				BCF003FC1C0D3EF200AB7A4A /* Assets.xcassets in Resources */,
				BCF003FA1C0D3EF200AB7A4A /* Main.storyboard in Resources */,
			);
			runOnlyForDeploymentPostprocessing = 0;
		};
/* End PBXResourcesBuildPhase section */

/* Begin PBXSourcesBuildPhase section */
		BCF003E81C0D3EF200AB7A4A /* Sources */ = {
			isa = PBXSourcesBuildPhase;
			buildActionMask = 2147483647;
			files = (
				BCF003F71C0D3EF200AB7A4A /* ViewController.m in Sources */,
				BCF003F41C0D3EF200AB7A4A /* AppDelegate.m in Sources */,
				BCF003F11C0D3EF200AB7A4A /* main.m in Sources */,
			);
			runOnlyForDeploymentPostprocessing = 0;
		};
/* End PBXSourcesBuildPhase section */

/* Begin PBXVariantGroup section */
		BCF003F81C0D3EF200AB7A4A /* Main.storyboard */ = {
			isa = PBXVariantGroup;
			children = (
				BCF003F91C0D3EF200AB7A4A /* Base */,
			);
			name = Main.storyboard;
			sourceTree = "<group>";
		};
		BCF003FD1C0D3EF200AB7A4A /* LaunchScreen.storyboard */ = {
			isa = PBXVariantGroup;
			children = (
				BCF003FE1C0D3EF200AB7A4A /* Base */,
			);
			name = LaunchScreen.storyboard;
			sourceTree = "<group>";
		};
/* End PBXVariantGroup section */

/* Begin XCBuildConfiguration section */
		BCF004011C0D3EF200AB7A4A /* Debug */ = {
			isa = XCBuildConfiguration;
			buildSettings = {
				ALWAYS_SEARCH_USER_PATHS = NO;
				CLANG_CXX_LANGUAGE_STANDARD = "gnu++0x";
				CLANG_CXX_LIBRARY = "libc++";
				CLANG_ENABLE_MODULES = YES;
				CLANG_ENABLE_OBJC_ARC = YES;
				CLANG_WARN_BOOL_CONVERSION = YES;
				CLANG_WARN_CONSTANT_CONVERSION = YES;
				CLANG_WARN_DIRECT_OBJC_ISA_USAGE = YES_ERROR;
				CLANG_WARN_EMPTY_BODY = YES;
				CLANG_WARN_ENUM_CONVERSION = YES;
				CLANG_WARN_INT_CONVERSION = YES;
				CLANG_WARN_OBJC_ROOT_CLASS = YES_ERROR;
				CLANG_WARN_UNREACHABLE_CODE = YES;
				CLANG_WARN__DUPLICATE_METHOD_MATCH = YES;
				"CODE_SIGN_IDENTITY[sdk=iphoneos*]" = "iPhone Developer";
				COPY_PHASE_STRIP = NO;
				DEBUG_INFORMATION_FORMAT = dwarf;
				ENABLE_STRICT_OBJC_MSGSEND = YES;
				ENABLE_TESTABILITY = YES;
				GCC_C_LANGUAGE_STANDARD = gnu99;
				GCC_DYNAMIC_NO_PIC = NO;
				GCC_NO_COMMON_BLOCKS = YES;
				GCC_OPTIMIZATION_LEVEL = 0;
				GCC_PREPROCESSOR_DEFINITIONS = (
					"DEBUG=1",
					"$(inherited)",
				);
				GCC_WARN_64_TO_32_BIT_CONVERSION = YES;
				GCC_WARN_ABOUT_RETURN_TYPE = YES_ERROR;
				GCC_WARN_UNDECLARED_SELECTOR = YES;
				GCC_WARN_UNINITIALIZED_AUTOS = YES_AGGRESSIVE;
				GCC_WARN_UNUSED_FUNCTION = YES;
				GCC_WARN_UNUSED_VARIABLE = YES;
				IPHONEOS_DEPLOYMENT_TARGET = 9.1;
				MTL_ENABLE_DEBUG_INFO = YES;
				ONLY_ACTIVE_ARCH = YES;
				SDKROOT = iphoneos;
				TARGETED_DEVICE_FAMILY = "1,2";
			};
			name = Debug;
		};
		BCF004021C0D3EF200AB7A4A /* Release */ = {
			isa = XCBuildConfiguration;
			buildSettings = {
				ALWAYS_SEARCH_USER_PATHS = NO;
				CLANG_CXX_LANGUAGE_STANDARD = "gnu++0x";
				CLANG_CXX_LIBRARY = "libc++";
				CLANG_ENABLE_MODULES = YES;
				CLANG_ENABLE_OBJC_ARC = YES;
				CLANG_WARN_BOOL_CONVERSION = YES;
				CLANG_WARN_CONSTANT_CONVERSION = YES;
				CLANG_WARN_DIRECT_OBJC_ISA_USAGE = YES_ERROR;
				CLANG_WARN_EMPTY_BODY = YES;
				CLANG_WARN_ENUM_CONVERSION = YES;
				CLANG_WARN_INT_CONVERSION = YES;
				CLANG_WARN_OBJC_ROOT_CLASS = YES_ERROR;
				CLANG_WARN_UNREACHABLE_CODE = YES;
				CLANG_WARN__DUPLICATE_METHOD_MATCH = YES;
				"CODE_SIGN_IDENTITY[sdk=iphoneos*]" = "iPhone Developer";
				COPY_PHASE_STRIP = NO;
				DEBUG_INFORMATION_FORMAT = "dwarf-with-dsym";
				ENABLE_NS_ASSERTIONS = NO;
				ENABLE_STRICT_OBJC_MSGSEND = YES;
				GCC_C_LANGUAGE_STANDARD = gnu99;
				GCC_NO_COMMON_BLOCKS = YES;
				GCC_WARN_64_TO_32_BIT_CONVERSION = YES;
				GCC_WARN_ABOUT_RETURN_TYPE = YES_ERROR;
				GCC_WARN_UNDECLARED_SELECTOR = YES;
				GCC_WARN_UNINITIALIZED_AUTOS = YES_AGGRESSIVE;
				GCC_WARN_UNUSED_FUNCTION = YES;
				GCC_WARN_UNUSED_VARIABLE = YES;
				IPHONEOS_DEPLOYMENT_TARGET = 9.1;
				MTL_ENABLE_DEBUG_INFO = NO;
				SDKROOT = iphoneos;
				TARGETED_DEVICE_FAMILY = "1,2";
				VALIDATE_PRODUCT = YES;
			};
			name = Release;
		};
		BCF004041C0D3EF200AB7A4A /* Debug */ = {
			isa = XCBuildConfiguration;
			buildSettings = {
				ASSETCATALOG_COMPILER_APPICON_NAME = AppIcon;
				INFOPLIST_FILE = "AES128Encrypt-objc/Info.plist";
				LD_RUNPATH_SEARCH_PATHS = "$(inherited) @executable_path/Frameworks";
				PRODUCT_BUNDLE_IDENTIFIER = "com.cw.NetworkDemo.AES128Encrypt-objc";
				PRODUCT_NAME = "$(TARGET_NAME)";
			};
			name = Debug;
		};
		BCF004051C0D3EF200AB7A4A /* Release */ = {
			isa = XCBuildConfiguration;
			buildSettings = {
				ASSETCATALOG_COMPILER_APPICON_NAME = AppIcon;
				INFOPLIST_FILE = "AES128Encrypt-objc/Info.plist";
				LD_RUNPATH_SEARCH_PATHS = "$(inherited) @executable_path/Frameworks";
				PRODUCT_BUNDLE_IDENTIFIER = "com.cw.NetworkDemo.AES128Encrypt-objc";
				PRODUCT_NAME = "$(TARGET_NAME)";
			};
			name = Release;
		};
/* End XCBuildConfiguration section */

/* Begin XCConfigurationList section */
		BCF003E71C0D3EF200AB7A4A /* Build configuration list for PBXProject "AES128Encrypt-objc" */ = {
			isa = XCConfigurationList;
			buildConfigurations = (
				BCF004011C0D3EF200AB7A4A /* Debug */,
				BCF004021C0D3EF200AB7A4A /* Release */,
			);
			defaultConfigurationIsVisible = 0;
			defaultConfigurationName = Release;
		};
		BCF004031C0D3EF200AB7A4A /* Build configuration list for PBXNativeTarget "AES128Encrypt-objc" */ = {
			isa = XCConfigurationList;
			buildConfigurations = (
				BCF004041C0D3EF200AB7A4A /* Debug */,
				BCF004051C0D3EF200AB7A4A /* Release */,
			);
			defaultConfigurationIsVisible = 0;
			defaultConfigurationName = Release;
		};
/* End XCConfigurationList section */
	};
	rootObject = BCF003E41C0D3EF200AB7A4A /* Project object */;
}
