// !$*UTF8*$!
{
	archiveVersion = 1;
	classes = {
	};
	objectVersion = 46;
	objects = {

/* Begin PBXBuildFile section */
		BC207DB71FC55BA00019EAA5 /* KYEncrypt.m in Sources */ = {isa = PBXBuildFile; fileRef = BC207DB21FC55B9F0019EAA5 /* KYEncrypt.m */; };
		BC207DB81FC55BA00019EAA5 /* KYGTMBase64.m in Sources */ = {isa = PBXBuildFile; fileRef = BC207DB31FC55B9F0019EAA5 /* KYGTMBase64.m */; };
		BCCF872C1FCBFFB9000FA824 /* KYEncrypt.framework in Frameworks */ = {isa = PBXBuildFile; fileRef = BCCF87231FCBFFB9000FA824 /* KYEncrypt.framework */; };
		BCCF87331FCBFFB9000FA824 /* KYEncryptTests.m in Sources */ = {isa = PBXBuildFile; fileRef = BCCF87321FCBFFB9000FA824 /* KYEncryptTests.m */; };
		BCCF87381FCBFFB9000FA824 /* KYEncrypt.framework in Frameworks */ = {isa = PBXBuildFile; fileRef = BCCF87231FCBFFB9000FA824 /* KYEncrypt.framework */; };
		BCCF87391FCBFFB9000FA824 /* KYEncrypt.framework in Embed Frameworks */ = {isa = PBXBuildFile; fileRef = BCCF87231FCBFFB9000FA824 /* KYEncrypt.framework */; settings = {ATTRIBUTES = (CodeSignOnCopy, RemoveHeadersOnCopy, ); }; };
		BCCF87411FCC00A3000FA824 /* KYEncrypt.h in Headers */ = {isa = PBXBuildFile; fileRef = BC207DB41FC55B9F0019EAA5 /* KYEncrypt.h */; settings = {ATTRIBUTES = (Public, ); }; };
		BCCF87421FCC00AD000FA824 /* KYEncrypt.m in Sources */ = {isa = PBXBuildFile; fileRef = BC207DB21FC55B9F0019EAA5 /* KYEncrypt.m */; };
		BCCF87431FCC00B2000FA824 /* KYGTMBase64.m in Sources */ = {isa = PBXBuildFile; fileRef = BC207DB31FC55B9F0019EAA5 /* KYGTMBase64.m */; };
		BCCF87441FCC00BA000FA824 /* KYGTMBase64.h in Headers */ = {isa = PBXBuildFile; fileRef = BC207DB51FC55B9F0019EAA5 /* KYGTMBase64.h */; settings = {ATTRIBUTES = (Private, ); }; };
		BCCF87451FCC00BD000FA824 /* KYGTMDefines.h in Headers */ = {isa = PBXBuildFile; fileRef = BC207DB61FC55B9F0019EAA5 /* KYGTMDefines.h */; settings = {ATTRIBUTES = (Private, ); }; };
		BCF003F11C0D3EF200AB7A4A /* main.m in Sources */ = {isa = PBXBuildFile; fileRef = BCF003F01C0D3EF200AB7A4A /* main.m */; };
		BCF003F41C0D3EF200AB7A4A /* AppDelegate.m in Sources */ = {isa = PBXBuildFile; fileRef = BCF003F31C0D3EF200AB7A4A /* AppDelegate.m */; };
		BCF003F71C0D3EF200AB7A4A /* ViewController.m in Sources */ = {isa = PBXBuildFile; fileRef = BCF003F61C0D3EF200AB7A4A /* ViewController.m */; };
		BCF003FA1C0D3EF200AB7A4A /* Main.storyboard in Resources */ = {isa = PBXBuildFile; fileRef = BCF003F81C0D3EF200AB7A4A /* Main.storyboard */; };
		BCF003FC1C0D3EF200AB7A4A /* Assets.xcassets in Resources */ = {isa = PBXBuildFile; fileRef = BCF003FB1C0D3EF200AB7A4A /* Assets.xcassets */; };
		BCF003FF1C0D3EF200AB7A4A /* LaunchScreen.storyboard in Resources */ = {isa = PBXBuildFile; fileRef = BCF003FD1C0D3EF200AB7A4A /* LaunchScreen.storyboard */; };
/* End PBXBuildFile section */

/* Begin PBXContainerItemProxy section */
		BCCF872D1FCBFFB9000FA824 /* PBXContainerItemProxy */ = {
			isa = PBXContainerItemProxy;
			containerPortal = BCF003E41C0D3EF200AB7A4A /* Project object */;
			proxyType = 1;
			remoteGlobalIDString = BCCF87221FCBFFB9000FA824;
			remoteInfo = KYEncrypt;
		};
		BCCF872F1FCBFFB9000FA824 /* PBXContainerItemProxy */ = {
			isa = PBXContainerItemProxy;
			containerPortal = BCF003E41C0D3EF200AB7A4A /* Project object */;
			proxyType = 1;
			remoteGlobalIDString = BCF003EB1C0D3EF200AB7A4A;
			remoteInfo = "AES128Encrypt-objc";
		};
		BCCF87361FCBFFB9000FA824 /* PBXContainerItemProxy */ = {
			isa = PBXContainerItemProxy;
			containerPortal = BCF003E41C0D3EF200AB7A4A /* Project object */;
			proxyType = 1;
			remoteGlobalIDString = BCCF87221FCBFFB9000FA824;
			remoteInfo = KYEncrypt;
		};
/* End PBXContainerItemProxy section */

/* Begin PBXCopyFilesBuildPhase section */
		BCCF873F1FCBFFB9000FA824 /* Embed Frameworks */ = {
			isa = PBXCopyFilesBuildPhase;
			buildActionMask = 2147483647;
			dstPath = "";
			dstSubfolderSpec = 10;
			files = (
				BCCF87391FCBFFB9000FA824 /* KYEncrypt.framework in Embed Frameworks */,
			);
			name = "Embed Frameworks";
			runOnlyForDeploymentPostprocessing = 0;
		};
/* End PBXCopyFilesBuildPhase section */

/* Begin PBXFileReference section */
		BC207DB21FC55B9F0019EAA5 /* KYEncrypt.m */ = {isa = PBXFileReference; fileEncoding = 4; lastKnownFileType = sourcecode.c.objc; path = KYEncrypt.m; sourceTree = "<group>"; };
		BC207DB31FC55B9F0019EAA5 /* KYGTMBase64.m */ = {isa = PBXFileReference; fileEncoding = 4; lastKnownFileType = sourcecode.c.objc; path = KYGTMBase64.m; sourceTree = "<group>"; };
		BC207DB41FC55B9F0019EAA5 /* KYEncrypt.h */ = {isa = PBXFileReference; fileEncoding = 4; lastKnownFileType = sourcecode.c.h; path = KYEncrypt.h; sourceTree = "<group>"; };
		BC207DB51FC55B9F0019EAA5 /* KYGTMBase64.h */ = {isa = PBXFileReference; fileEncoding = 4; lastKnownFileType = sourcecode.c.h; path = KYGTMBase64.h; sourceTree = "<group>"; };
		BC207DB61FC55B9F0019EAA5 /* KYGTMDefines.h */ = {isa = PBXFileReference; fileEncoding = 4; lastKnownFileType = sourcecode.c.h; path = KYGTMDefines.h; sourceTree = "<group>"; };
		BCCF87231FCBFFB9000FA824 /* KYEncrypt.framework */ = {isa = PBXFileReference; explicitFileType = wrapper.framework; includeInIndex = 0; path = KYEncrypt.framework; sourceTree = BUILT_PRODUCTS_DIR; };
		BCCF87261FCBFFB9000FA824 /* Info.plist */ = {isa = PBXFileReference; lastKnownFileType = text.plist.xml; path = Info.plist; sourceTree = "<group>"; };
		BCCF872B1FCBFFB9000FA824 /* KYEncryptTests.xctest */ = {isa = PBXFileReference; explicitFileType = wrapper.cfbundle; includeInIndex = 0; path = KYEncryptTests.xctest; sourceTree = BUILT_PRODUCTS_DIR; };
		BCCF87321FCBFFB9000FA824 /* KYEncryptTests.m */ = {isa = PBXFileReference; lastKnownFileType = sourcecode.c.objc; path = KYEncryptTests.m; sourceTree = "<group>"; };
		BCCF87341FCBFFB9000FA824 /* Info.plist */ = {isa = PBXFileReference; lastKnownFileType = text.plist.xml; path = Info.plist; sourceTree = "<group>"; };
		BCF003EC1C0D3EF200AB7A4A /* AES128Encrypt-objc.app */ = {isa = PBXFileReference; explicitFileType = wrapper.application; includeInIndex = 0; path = "AES128Encrypt-objc.app"; sourceTree = BUILT_PRODUCTS_DIR; };
		BCF003F01C0D3EF200AB7A4A /* main.m */ = {isa = PBXFileReference; lastKnownFileType = sourcecode.c.objc; path = main.m; sourceTree = "<group>"; };
		BCF003F21C0D3EF200AB7A4A /* AppDelegate.h */ = {isa = PBXFileReference; lastKnownFileType = sourcecode.c.h; path = AppDelegate.h; sourceTree = "<group>"; };
		BCF003F31C0D3EF200AB7A4A /* AppDelegate.m */ = {isa = PBXFileReference; lastKnownFileType = sourcecode.c.objc; path = AppDelegate.m; sourceTree = "<group>"; };
		BCF003F51C0D3EF200AB7A4A /* ViewController.h */ = {isa = PBXFileReference; lastKnownFileType = sourcecode.c.h; path = ViewController.h; sourceTree = "<group>"; };
		BCF003F61C0D3EF200AB7A4A /* ViewController.m */ = {isa = PBXFileReference; lastKnownFileType = sourcecode.c.objc; path = ViewController.m; sourceTree = "<group>"; };
		BCF003F91C0D3EF200AB7A4A /* Base */ = {isa = PBXFileReference; lastKnownFileType = file.storyboard; name = Base; path = Base.lproj/Main.storyboard; sourceTree = "<group>"; };
		BCF003FB1C0D3EF200AB7A4A /* Assets.xcassets */ = {isa = PBXFileReference; lastKnownFileType = folder.assetcatalog; path = Assets.xcassets; sourceTree = "<group>"; };
		BCF003FE1C0D3EF200AB7A4A /* Base */ = {isa = PBXFileReference; lastKnownFileType = file.storyboard; name = Base; path = Base.lproj/LaunchScreen.storyboard; sourceTree = "<group>"; };
		BCF004001C0D3EF200AB7A4A /* Info.plist */ = {isa = PBXFileReference; lastKnownFileType = text.plist.xml; path = Info.plist; sourceTree = "<group>"; };
/* End PBXFileReference section */

/* Begin PBXFrameworksBuildPhase section */
		BCCF871F1FCBFFB9000FA824 /* Frameworks */ = {
			isa = PBXFrameworksBuildPhase;
			buildActionMask = 2147483647;
			files = (
			);
			runOnlyForDeploymentPostprocessing = 0;
		};
		BCCF87281FCBFFB9000FA824 /* Frameworks */ = {
			isa = PBXFrameworksBuildPhase;
			buildActionMask = 2147483647;
			files = (
				BCCF872C1FCBFFB9000FA824 /* KYEncrypt.framework in Frameworks */,
			);
			runOnlyForDeploymentPostprocessing = 0;
		};
		BCF003E91C0D3EF200AB7A4A /* Frameworks */ = {
			isa = PBXFrameworksBuildPhase;
			buildActionMask = 2147483647;
			files = (
				BCCF87381FCBFFB9000FA824 /* KYEncrypt.framework in Frameworks */,
			);
			runOnlyForDeploymentPostprocessing = 0;
		};
/* End PBXFrameworksBuildPhase section */

/* Begin PBXGroup section */
		BC1FB7C41FC56096003D87BB /* Frameworks */ = {
			isa = PBXGroup;
			children = (
			);
			name = Frameworks;
			sourceTree = "<group>";
		};
		BC207DB11FC55B9F0019EAA5 /* KYEncrypt */ = {
			isa = PBXGroup;
			children = (
				BC207DB41FC55B9F0019EAA5 /* KYEncrypt.h */,
				BC207DB21FC55B9F0019EAA5 /* KYEncrypt.m */,
				BC207DB51FC55B9F0019EAA5 /* KYGTMBase64.h */,
				BC207DB31FC55B9F0019EAA5 /* KYGTMBase64.m */,
				BC207DB61FC55B9F0019EAA5 /* KYGTMDefines.h */,
			);
			name = KYEncrypt;
			path = ../../KYEncrypt;
			sourceTree = "<group>";
		};
		BCCF87241FCBFFB9000FA824 /* KYEncrypt */ = {
			isa = PBXGroup;
			children = (
				BCCF87261FCBFFB9000FA824 /* Info.plist */,
			);
			path = KYEncrypt;
			sourceTree = "<group>";
		};
		BCCF87311FCBFFB9000FA824 /* KYEncryptTests */ = {
			isa = PBXGroup;
			children = (
				BCCF87321FCBFFB9000FA824 /* KYEncryptTests.m */,
				BCCF87341FCBFFB9000FA824 /* Info.plist */,
			);
			path = KYEncryptTests;
			sourceTree = "<group>";
		};
		BCF003E31C0D3EF200AB7A4A = {
			isa = PBXGroup;
			children = (
				BCF003EE1C0D3EF200AB7A4A /* AES128Encrypt-objc */,
				BCCF87241FCBFFB9000FA824 /* KYEncrypt */,
				BCCF87311FCBFFB9000FA824 /* KYEncryptTests */,
				BCF003ED1C0D3EF200AB7A4A /* Products */,
				BC1FB7C41FC56096003D87BB /* Frameworks */,
			);
			sourceTree = "<group>";
		};
		BCF003ED1C0D3EF200AB7A4A /* Products */ = {
			isa = PBXGroup;
			children = (
				BCF003EC1C0D3EF200AB7A4A /* AES128Encrypt-objc.app */,
				BCCF87231FCBFFB9000FA824 /* KYEncrypt.framework */,
				BCCF872B1FCBFFB9000FA824 /* KYEncryptTests.xctest */,
			);
			name = Products;
			sourceTree = "<group>";
		};
		BCF003EE1C0D3EF200AB7A4A /* AES128Encrypt-objc */ = {
			isa = PBXGroup;
			children = (
				BC207DB11FC55B9F0019EAA5 /* KYEncrypt */,
				BCF003F21C0D3EF200AB7A4A /* AppDelegate.h */,
				BCF003F31C0D3EF200AB7A4A /* AppDelegate.m */,
				BCF003F51C0D3EF200AB7A4A /* ViewController.h */,
				BCF003F61C0D3EF200AB7A4A /* ViewController.m */,
				BCF003F81C0D3EF200AB7A4A /* Main.storyboard */,
				BCF003FB1C0D3EF200AB7A4A /* Assets.xcassets */,
				BCF003FD1C0D3EF200AB7A4A /* LaunchScreen.storyboard */,
				BCF004001C0D3EF200AB7A4A /* Info.plist */,
				BCF003EF1C0D3EF200AB7A4A /* Supporting Files */,
			);
			path = "AES128Encrypt-objc";
			sourceTree = "<group>";
		};
		BCF003EF1C0D3EF200AB7A4A /* Supporting Files */ = {
			isa = PBXGroup;
			children = (
				BCF003F01C0D3EF200AB7A4A /* main.m */,
			);
			name = "Supporting Files";
			sourceTree = "<group>";
		};
/* End PBXGroup section */

/* Begin PBXHeadersBuildPhase section */
		BCCF87201FCBFFB9000FA824 /* Headers */ = {
			isa = PBXHeadersBuildPhase;
			buildActionMask = 2147483647;
			files = (
				BCCF87411FCC00A3000FA824 /* KYEncrypt.h in Headers */,
				BCCF87441FCC00BA000FA824 /* KYGTMBase64.h in Headers */,
				BCCF87451FCC00BD000FA824 /* KYGTMDefines.h in Headers */,
			);
			runOnlyForDeploymentPostprocessing = 0;
		};
/* End PBXHeadersBuildPhase section */

/* Begin PBXNativeTarget section */
		BCCF87221FCBFFB9000FA824 /* KYEncrypt */ = {
			isa = PBXNativeTarget;
			buildConfigurationList = BCCF873E1FCBFFB9000FA824 /* Build configuration list for PBXNativeTarget "KYEncrypt" */;
			buildPhases = (
				BCCF871F1FCBFFB9000FA824 /* Frameworks */,
				BCCF871E1FCBFFB9000FA824 /* Sources */,
				BCCF87201FCBFFB9000FA824 /* Headers */,
				BCCF87211FCBFFB9000FA824 /* Resources */,
			);
			buildRules = (
			);
			dependencies = (
			);
			name = KYEncrypt;
			productName = KYEncrypt;
			productReference = BCCF87231FCBFFB9000FA824 /* KYEncrypt.framework */;
			productType = "com.apple.product-type.framework";
		};
		BCCF872A1FCBFFB9000FA824 /* KYEncryptTests */ = {
			isa = PBXNativeTarget;
			buildConfigurationList = BCCF87401FCBFFB9000FA824 /* Build configuration list for PBXNativeTarget "KYEncryptTests" */;
			buildPhases = (
				BCCF87271FCBFFB9000FA824 /* Sources */,
				BCCF87281FCBFFB9000FA824 /* Frameworks */,
				BCCF87291FCBFFB9000FA824 /* Resources */,
			);
			buildRules = (
			);
			dependencies = (
				BCCF872E1FCBFFB9000FA824 /* PBXTargetDependency */,
				BCCF87301FCBFFB9000FA824 /* PBXTargetDependency */,
			);
			name = KYEncryptTests;
			productName = KYEncryptTests;
			productReference = BCCF872B1FCBFFB9000FA824 /* KYEncryptTests.xctest */;
			productType = "com.apple.product-type.bundle.unit-test";
		};
		BCF003EB1C0D3EF200AB7A4A /* AES128Encrypt-objc */ = {
			isa = PBXNativeTarget;
			buildConfigurationList = BCF004031C0D3EF200AB7A4A /* Build configuration list for PBXNativeTarget "AES128Encrypt-objc" */;
			buildPhases = (
				BCF003E81C0D3EF200AB7A4A /* Sources */,
				BCF003E91C0D3EF200AB7A4A /* Frameworks */,
				BCF003EA1C0D3EF200AB7A4A /* Resources */,
				BCCF873F1FCBFFB9000FA824 /* Embed Frameworks */,
			);
			buildRules = (
			);
			dependencies = (
				BCCF87371FCBFFB9000FA824 /* PBXTargetDependency */,
			);
			name = "AES128Encrypt-objc";
			productName = "AES128Encrypt-objc";
			productReference = BCF003EC1C0D3EF200AB7A4A /* AES128Encrypt-objc.app */;
			productType = "com.apple.product-type.application";
		};
/* End PBXNativeTarget section */

/* Begin PBXProject section */
		BCF003E41C0D3EF200AB7A4A /* Project object */ = {
			isa = PBXProject;
			attributes = {
				LastUpgradeCheck = 0710;
				ORGANIZATIONNAME = kingly;
				TargetAttributes = {
					BCCF87221FCBFFB9000FA824 = {
						CreatedOnToolsVersion = 9.1;
						DevelopmentTeam = KE5MJRYE2S;
						ProvisioningStyle = Automatic;
					};
					BCCF872A1FCBFFB9000FA824 = {
						CreatedOnToolsVersion = 9.1;
						DevelopmentTeam = KE5MJRYE2S;
						ProvisioningStyle = Automatic;
						TestTargetID = BCF003EB1C0D3EF200AB7A4A;
					};
					BCF003EB1C0D3EF200AB7A4A = {
						CreatedOnToolsVersion = 7.1;
						DevelopmentTeam = KE5MJRYE2S;
					};
				};
			};
			buildConfigurationList = BCF003E71C0D3EF200AB7A4A /* Build configuration list for PBXProject "AES128Encrypt-objc" */;
			compatibilityVersion = "Xcode 3.2";
			developmentRegion = English;
			hasScannedForEncodings = 0;
			knownRegions = (
				en,
				Base,
			);
			mainGroup = BCF003E31C0D3EF200AB7A4A;
			productRefGroup = BCF003ED1C0D3EF200AB7A4A /* Products */;
			projectDirPath = "";
			projectRoot = "";
			targets = (
				BCF003EB1C0D3EF200AB7A4A /* AES128Encrypt-objc */,
				BCCF87221FCBFFB9000FA824 /* KYEncrypt */,
				BCCF872A1FCBFFB9000FA824 /* KYEncryptTests */,
			);
		};
/* End PBXProject section */

/* Begin PBXResourcesBuildPhase section */
		BCCF87211FCBFFB9000FA824 /* Resources */ = {
			isa = PBXResourcesBuildPhase;
			buildActionMask = 2147483647;
			files = (
			);
			runOnlyForDeploymentPostprocessing = 0;
		};
		BCCF87291FCBFFB9000FA824 /* Resources */ = {
			isa = PBXResourcesBuildPhase;
			buildActionMask = 2147483647;
			files = (
			);
			runOnlyForDeploymentPostprocessing = 0;
		};
		BCF003EA1C0D3EF200AB7A4A /* Resources */ = {
			isa = PBXResourcesBuildPhase;
			buildActionMask = 2147483647;
			files = (
				BCF003FF1C0D3EF200AB7A4A /* LaunchScreen.storyboard in Resources */,
				BCF003FC1C0D3EF200AB7A4A /* Assets.xcassets in Resources */,
				BCF003FA1C0D3EF200AB7A4A /* Main.storyboard in Resources */,
			);
			runOnlyForDeploymentPostprocessing = 0;
		};
/* End PBXResourcesBuildPhase section */

/* Begin PBXSourcesBuildPhase section */
		BCCF871E1FCBFFB9000FA824 /* Sources */ = {
			isa = PBXSourcesBuildPhase;
			buildActionMask = 2147483647;
			files = (
				BCCF87421FCC00AD000FA824 /* KYEncrypt.m in Sources */,
				BCCF87431FCC00B2000FA824 /* KYGTMBase64.m in Sources */,
			);
			runOnlyForDeploymentPostprocessing = 0;
		};
		BCCF87271FCBFFB9000FA824 /* Sources */ = {
			isa = PBXSourcesBuildPhase;
			buildActionMask = 2147483647;
			files = (
				BCCF87331FCBFFB9000FA824 /* KYEncryptTests.m in Sources */,
			);
			runOnlyForDeploymentPostprocessing = 0;
		};
		BCF003E81C0D3EF200AB7A4A /* Sources */ = {
			isa = PBXSourcesBuildPhase;
			buildActionMask = 2147483647;
			files = (
				BCF003F71C0D3EF200AB7A4A /* ViewController.m in Sources */,
				BC207DB81FC55BA00019EAA5 /* KYGTMBase64.m in Sources */,
				BCF003F41C0D3EF200AB7A4A /* AppDelegate.m in Sources */,
				BCF003F11C0D3EF200AB7A4A /* main.m in Sources */,
				BC207DB71FC55BA00019EAA5 /* KYEncrypt.m in Sources */,
			);
			runOnlyForDeploymentPostprocessing = 0;
		};
/* End PBXSourcesBuildPhase section */

/* Begin PBXTargetDependency section */
		BCCF872E1FCBFFB9000FA824 /* PBXTargetDependency */ = {
			isa = PBXTargetDependency;
			target = BCCF87221FCBFFB9000FA824 /* KYEncrypt */;
			targetProxy = BCCF872D1FCBFFB9000FA824 /* PBXContainerItemProxy */;
		};
		BCCF87301FCBFFB9000FA824 /* PBXTargetDependency */ = {
			isa = PBXTargetDependency;
			target = BCF003EB1C0D3EF200AB7A4A /* AES128Encrypt-objc */;
			targetProxy = BCCF872F1FCBFFB9000FA824 /* PBXContainerItemProxy */;
		};
		BCCF87371FCBFFB9000FA824 /* PBXTargetDependency */ = {
			isa = PBXTargetDependency;
			target = BCCF87221FCBFFB9000FA824 /* KYEncrypt */;
			targetProxy = BCCF87361FCBFFB9000FA824 /* PBXContainerItemProxy */;
		};
/* End PBXTargetDependency section */

/* Begin PBXVariantGroup section */
		BCF003F81C0D3EF200AB7A4A /* Main.storyboard */ = {
			isa = PBXVariantGroup;
			children = (
				BCF003F91C0D3EF200AB7A4A /* Base */,
			);
			name = Main.storyboard;
			sourceTree = "<group>";
		};
		BCF003FD1C0D3EF200AB7A4A /* LaunchScreen.storyboard */ = {
			isa = PBXVariantGroup;
			children = (
				BCF003FE1C0D3EF200AB7A4A /* Base */,
			);
			name = LaunchScreen.storyboard;
			sourceTree = "<group>";
		};
/* End PBXVariantGroup section */

/* Begin XCBuildConfiguration section */
		BCCF873A1FCBFFB9000FA824 /* Debug */ = {
			isa = XCBuildConfiguration;
			buildSettings = {
				CLANG_ANALYZER_NONNULL = YES;
				CLANG_ANALYZER_NUMBER_OBJECT_CONVERSION = YES_AGGRESSIVE;
				CLANG_CXX_LANGUAGE_STANDARD = "gnu++14";
				CLANG_WARN_BLOCK_CAPTURE_AUTORELEASING = YES;
				CLANG_WARN_COMMA = YES;
				CLANG_WARN_DOCUMENTATION_COMMENTS = YES;
				CLANG_WARN_INFINITE_RECURSION = YES;
				CLANG_WARN_NON_LITERAL_NULL_CONVERSION = YES;
				CLANG_WARN_OBJC_LITERAL_CONVERSION = YES;
				CLANG_WARN_RANGE_LOOP_ANALYSIS = YES;
				CLANG_WARN_STRICT_PROTOTYPES = YES;
				CLANG_WARN_SUSPICIOUS_MOVE = YES;
				CLANG_WARN_UNGUARDED_AVAILABILITY = YES_AGGRESSIVE;
				CODE_SIGN_IDENTITY = "iPhone Developer";
				CODE_SIGN_STYLE = Automatic;
				CURRENT_PROJECT_VERSION = 1;
				DEFINES_MODULE = YES;
				DEVELOPMENT_TEAM = KE5MJRYE2S;
				DYLIB_COMPATIBILITY_VERSION = 1;
				DYLIB_CURRENT_VERSION = 1;
				DYLIB_INSTALL_NAME_BASE = "@rpath";
				GCC_C_LANGUAGE_STANDARD = gnu11;
				INFOPLIST_FILE = KYEncrypt/Info.plist;
				INSTALL_PATH = "$(LOCAL_LIBRARY_DIR)/Frameworks";
				IPHONEOS_DEPLOYMENT_TARGET = 8.0;
				LD_RUNPATH_SEARCH_PATHS = "$(inherited) @executable_path/Frameworks @loader_path/Frameworks";
				PRODUCT_BUNDLE_IDENTIFIER = com.bc.KYEncrypt;
				PRODUCT_NAME = "$(TARGET_NAME:c99extidentifier)";
				SKIP_INSTALL = YES;
				TARGETED_DEVICE_FAMILY = "1,2";
				VERSIONING_SYSTEM = "apple-generic";
				VERSION_INFO_PREFIX = "";
			};
			name = Debug;
		};
		BCCF873B1FCBFFB9000FA824 /* Release */ = {
			isa = XCBuildConfiguration;
			buildSettings = {
				CLANG_ANALYZER_NONNULL = YES;
				CLANG_ANALYZER_NUMBER_OBJECT_CONVERSION = YES_AGGRESSIVE;
				CLANG_CXX_LANGUAGE_STANDARD = "gnu++14";
				CLANG_WARN_BLOCK_CAPTURE_AUTORELEASING = YES;
				CLANG_WARN_COMMA = YES;
				CLANG_WARN_DOCUMENTATION_COMMENTS = YES;
				CLANG_WARN_INFINITE_RECURSION = YES;
				CLANG_WARN_NON_LITERAL_NULL_CONVERSION = YES;
				CLANG_WARN_OBJC_LITERAL_CONVERSION = YES;
				CLANG_WARN_RANGE_LOOP_ANALYSIS = YES;
				CLANG_WARN_STRICT_PROTOTYPES = YES;
				CLANG_WARN_SUSPICIOUS_MOVE = YES;
				CLANG_WARN_UNGUARDED_AVAILABILITY = YES_AGGRESSIVE;
				CODE_SIGN_IDENTITY = "iPhone Developer";
				CODE_SIGN_STYLE = Automatic;
				CURRENT_PROJECT_VERSION = 1;
				DEFINES_MODULE = YES;
				DEVELOPMENT_TEAM = KE5MJRYE2S;
				DYLIB_COMPATIBILITY_VERSION = 1;
				DYLIB_CURRENT_VERSION = 1;
				DYLIB_INSTALL_NAME_BASE = "@rpath";
				GCC_C_LANGUAGE_STANDARD = gnu11;
				INFOPLIST_FILE = KYEncrypt/Info.plist;
				INSTALL_PATH = "$(LOCAL_LIBRARY_DIR)/Frameworks";
				IPHONEOS_DEPLOYMENT_TARGET = 8.0;
				LD_RUNPATH_SEARCH_PATHS = "$(inherited) @executable_path/Frameworks @loader_path/Frameworks";
				PRODUCT_BUNDLE_IDENTIFIER = com.bc.KYEncrypt;
				PRODUCT_NAME = "$(TARGET_NAME:c99extidentifier)";
				SKIP_INSTALL = YES;
				TARGETED_DEVICE_FAMILY = "1,2";
				VERSIONING_SYSTEM = "apple-generic";
				VERSION_INFO_PREFIX = "";
			};
			name = Release;
		};
		BCCF873C1FCBFFB9000FA824 /* Debug */ = {
			isa = XCBuildConfiguration;
			buildSettings = {
				CLANG_ANALYZER_NONNULL = YES;
				CLANG_ANALYZER_NUMBER_OBJECT_CONVERSION = YES_AGGRESSIVE;
				CLANG_CXX_LANGUAGE_STANDARD = "gnu++14";
				CLANG_WARN_BLOCK_CAPTURE_AUTORELEASING = YES;
				CLANG_WARN_COMMA = YES;
				CLANG_WARN_DOCUMENTATION_COMMENTS = YES;
				CLANG_WARN_INFINITE_RECURSION = YES;
				CLANG_WARN_NON_LITERAL_NULL_CONVERSION = YES;
				CLANG_WARN_OBJC_LITERAL_CONVERSION = YES;
				CLANG_WARN_RANGE_LOOP_ANALYSIS = YES;
				CLANG_WARN_STRICT_PROTOTYPES = YES;
				CLANG_WARN_SUSPICIOUS_MOVE = YES;
				CLANG_WARN_UNGUARDED_AVAILABILITY = YES_AGGRESSIVE;
				CODE_SIGN_IDENTITY = "iPhone Developer";
				CODE_SIGN_STYLE = Automatic;
				DEVELOPMENT_TEAM = KE5MJRYE2S;
				GCC_C_LANGUAGE_STANDARD = gnu11;
				INFOPLIST_FILE = KYEncryptTests/Info.plist;
				IPHONEOS_DEPLOYMENT_TARGET = 11.1;
				LD_RUNPATH_SEARCH_PATHS = "$(inherited) @executable_path/Frameworks @loader_path/Frameworks";
				PRODUCT_BUNDLE_IDENTIFIER = com.bc.KYEncryptTests;
				PRODUCT_NAME = "$(TARGET_NAME)";
				TARGETED_DEVICE_FAMILY = "1,2";
				TEST_HOST = "$(BUILT_PRODUCTS_DIR)/AES128Encrypt-objc.app/AES128Encrypt-objc";
			};
			name = Debug;
		};
		BCCF873D1FCBFFB9000FA824 /* Release */ = {
			isa = XCBuildConfiguration;
			buildSettings = {
				CLANG_ANALYZER_NONNULL = YES;
				CLANG_ANALYZER_NUMBER_OBJECT_CONVERSION = YES_AGGRESSIVE;
				CLANG_CXX_LANGUAGE_STANDARD = "gnu++14";
				CLANG_WARN_BLOCK_CAPTURE_AUTORELEASING = YES;
				CLANG_WARN_COMMA = YES;
				CLANG_WARN_DOCUMENTATION_COMMENTS = YES;
				CLANG_WARN_INFINITE_RECURSION = YES;
				CLANG_WARN_NON_LITERAL_NULL_CONVERSION = YES;
				CLANG_WARN_OBJC_LITERAL_CONVERSION = YES;
				CLANG_WARN_RANGE_LOOP_ANALYSIS = YES;
				CLANG_WARN_STRICT_PROTOTYPES = YES;
				CLANG_WARN_SUSPICIOUS_MOVE = YES;
				CLANG_WARN_UNGUARDED_AVAILABILITY = YES_AGGRESSIVE;
				CODE_SIGN_IDENTITY = "iPhone Developer";
				CODE_SIGN_STYLE = Automatic;
				DEVELOPMENT_TEAM = KE5MJRYE2S;
				GCC_C_LANGUAGE_STANDARD = gnu11;
				INFOPLIST_FILE = KYEncryptTests/Info.plist;
				IPHONEOS_DEPLOYMENT_TARGET = 11.1;
				LD_RUNPATH_SEARCH_PATHS = "$(inherited) @executable_path/Frameworks @loader_path/Frameworks";
				PRODUCT_BUNDLE_IDENTIFIER = com.bc.KYEncryptTests;
				PRODUCT_NAME = "$(TARGET_NAME)";
				TARGETED_DEVICE_FAMILY = "1,2";
				TEST_HOST = "$(BUILT_PRODUCTS_DIR)/AES128Encrypt-objc.app/AES128Encrypt-objc";
			};
			name = Release;
		};
		BCF004011C0D3EF200AB7A4A /* Debug */ = {
			isa = XCBuildConfiguration;
			buildSettings = {
				ALWAYS_SEARCH_USER_PATHS = NO;
				CLANG_CXX_LANGUAGE_STANDARD = "gnu++0x";
				CLANG_CXX_LIBRARY = "libc++";
				CLANG_ENABLE_MODULES = YES;
				CLANG_ENABLE_OBJC_ARC = YES;
				CLANG_WARN_BOOL_CONVERSION = YES;
				CLANG_WARN_CONSTANT_CONVERSION = YES;
				CLANG_WARN_DIRECT_OBJC_ISA_USAGE = YES_ERROR;
				CLANG_WARN_EMPTY_BODY = YES;
				CLANG_WARN_ENUM_CONVERSION = YES;
				CLANG_WARN_INT_CONVERSION = YES;
				CLANG_WARN_OBJC_ROOT_CLASS = YES_ERROR;
				CLANG_WARN_UNREACHABLE_CODE = YES;
				CLANG_WARN__DUPLICATE_METHOD_MATCH = YES;
				"CODE_SIGN_IDENTITY[sdk=iphoneos*]" = "iPhone Developer";
				COPY_PHASE_STRIP = NO;
				DEBUG_INFORMATION_FORMAT = dwarf;
				ENABLE_STRICT_OBJC_MSGSEND = YES;
				ENABLE_TESTABILITY = YES;
				GCC_C_LANGUAGE_STANDARD = gnu99;
				GCC_DYNAMIC_NO_PIC = NO;
				GCC_NO_COMMON_BLOCKS = YES;
				GCC_OPTIMIZATION_LEVEL = 0;
				GCC_PREPROCESSOR_DEFINITIONS = (
					"DEBUG=1",
					"$(inherited)",
				);
				GCC_WARN_64_TO_32_BIT_CONVERSION = YES;
				GCC_WARN_ABOUT_RETURN_TYPE = YES_ERROR;
				GCC_WARN_UNDECLARED_SELECTOR = YES;
				GCC_WARN_UNINITIALIZED_AUTOS = YES_AGGRESSIVE;
				GCC_WARN_UNUSED_FUNCTION = YES;
				GCC_WARN_UNUSED_VARIABLE = YES;
				IPHONEOS_DEPLOYMENT_TARGET = 9.1;
				MTL_ENABLE_DEBUG_INFO = YES;
				ONLY_ACTIVE_ARCH = YES;
				SDKROOT = iphoneos;
				TARGETED_DEVICE_FAMILY = "1,2";
			};
			name = Debug;
		};
		BCF004021C0D3EF200AB7A4A /* Release */ = {
			isa = XCBuildConfiguration;
			buildSettings = {
				ALWAYS_SEARCH_USER_PATHS = NO;
				CLANG_CXX_LANGUAGE_STANDARD = "gnu++0x";
				CLANG_CXX_LIBRARY = "libc++";
				CLANG_ENABLE_MODULES = YES;
				CLANG_ENABLE_OBJC_ARC = YES;
				CLANG_WARN_BOOL_CONVERSION = YES;
				CLANG_WARN_CONSTANT_CONVERSION = YES;
				CLANG_WARN_DIRECT_OBJC_ISA_USAGE = YES_ERROR;
				CLANG_WARN_EMPTY_BODY = YES;
				CLANG_WARN_ENUM_CONVERSION = YES;
				CLANG_WARN_INT_CONVERSION = YES;
				CLANG_WARN_OBJC_ROOT_CLASS = YES_ERROR;
				CLANG_WARN_UNREACHABLE_CODE = YES;
				CLANG_WARN__DUPLICATE_METHOD_MATCH = YES;
				"CODE_SIGN_IDENTITY[sdk=iphoneos*]" = "iPhone Developer";
				COPY_PHASE_STRIP = NO;
				DEBUG_INFORMATION_FORMAT = "dwarf-with-dsym";
				ENABLE_NS_ASSERTIONS = NO;
				ENABLE_STRICT_OBJC_MSGSEND = YES;
				GCC_C_LANGUAGE_STANDARD = gnu99;
				GCC_NO_COMMON_BLOCKS = YES;
				GCC_WARN_64_TO_32_BIT_CONVERSION = YES;
				GCC_WARN_ABOUT_RETURN_TYPE = YES_ERROR;
				GCC_WARN_UNDECLARED_SELECTOR = YES;
				GCC_WARN_UNINITIALIZED_AUTOS = YES_AGGRESSIVE;
				GCC_WARN_UNUSED_FUNCTION = YES;
				GCC_WARN_UNUSED_VARIABLE = YES;
				IPHONEOS_DEPLOYMENT_TARGET = 9.1;
				MTL_ENABLE_DEBUG_INFO = NO;
				SDKROOT = iphoneos;
				TARGETED_DEVICE_FAMILY = "1,2";
				VALIDATE_PRODUCT = YES;
			};
			name = Release;
		};
		BCF004041C0D3EF200AB7A4A /* Debug */ = {
			isa = XCBuildConfiguration;
			buildSettings = {
				ASSETCATALOG_COMPILER_APPICON_NAME = AppIcon;
				CODE_SIGN_IDENTITY = "iPhone Developer";
				DEVELOPMENT_TEAM = KE5MJRYE2S;
				INFOPLIST_FILE = "AES128Encrypt-objc/Info.plist";
				IPHONEOS_DEPLOYMENT_TARGET = 8.0;
				LD_RUNPATH_SEARCH_PATHS = "$(inherited) @executable_path/Frameworks";
				PRODUCT_BUNDLE_IDENTIFIER = "com.cw.NetworkDemo.AES128Encrypt-objc";
				PRODUCT_NAME = "$(TARGET_NAME)";
			};
			name = Debug;
		};
		BCF004051C0D3EF200AB7A4A /* Release */ = {
			isa = XCBuildConfiguration;
			buildSettings = {
				ASSETCATALOG_COMPILER_APPICON_NAME = AppIcon;
				CODE_SIGN_IDENTITY = "iPhone Developer";
				DEVELOPMENT_TEAM = KE5MJRYE2S;
				INFOPLIST_FILE = "AES128Encrypt-objc/Info.plist";
				IPHONEOS_DEPLOYMENT_TARGET = 8.0;
				LD_RUNPATH_SEARCH_PATHS = "$(inherited) @executable_path/Frameworks";
				PRODUCT_BUNDLE_IDENTIFIER = "com.cw.NetworkDemo.AES128Encrypt-objc";
				PRODUCT_NAME = "$(TARGET_NAME)";
			};
			name = Release;
		};
/* End XCBuildConfiguration section */

/* Begin XCConfigurationList section */
		BCCF873E1FCBFFB9000FA824 /* Build configuration list for PBXNativeTarget "KYEncrypt" */ = {
			isa = XCConfigurationList;
			buildConfigurations = (
				BCCF873A1FCBFFB9000FA824 /* Debug */,
				BCCF873B1FCBFFB9000FA824 /* Release */,
			);
			defaultConfigurationIsVisible = 0;
			defaultConfigurationName = Release;
		};
		BCCF87401FCBFFB9000FA824 /* Build configuration list for PBXNativeTarget "KYEncryptTests" */ = {
			isa = XCConfigurationList;
			buildConfigurations = (
				BCCF873C1FCBFFB9000FA824 /* Debug */,
				BCCF873D1FCBFFB9000FA824 /* Release */,
			);
			defaultConfigurationIsVisible = 0;
			defaultConfigurationName = Release;
		};
		BCF003E71C0D3EF200AB7A4A /* Build configuration list for PBXProject "AES128Encrypt-objc" */ = {
			isa = XCConfigurationList;
			buildConfigurations = (
				BCF004011C0D3EF200AB7A4A /* Debug */,
				BCF004021C0D3EF200AB7A4A /* Release */,
			);
			defaultConfigurationIsVisible = 0;
			defaultConfigurationName = Release;
		};
		BCF004031C0D3EF200AB7A4A /* Build configuration list for PBXNativeTarget "AES128Encrypt-objc" */ = {
			isa = XCConfigurationList;
			buildConfigurations = (
				BCF004041C0D3EF200AB7A4A /* Debug */,
				BCF004051C0D3EF200AB7A4A /* Release */,
			);
			defaultConfigurationIsVisible = 0;
			defaultConfigurationName = Release;
		};
/* End XCConfigurationList section */
	};
	rootObject = BCF003E41C0D3EF200AB7A4A /* Project object */;
}
